
Microsoft Visual Studio Solution File, Format Version 12.00
# Visual Studio Version 16
VisualStudioVersion = 16.0.30406.217
MinimumVisualStudioVersion = 10.0.40219.1
Project("{9A19103F-16F7-4668-BE54-9A1E7A4F7556}") = "ExcelHelper", "ExcelHelper\ExcelHelper.csproj", "{BB1D8AB8-BCE6-4948-B995-1025E1FCC5D0}"
EndProject
Project("{9A19103F-16F7-4668-BE54-9A1E7A4F7556}") = "ExcelHelper.Test", "ExcelHelper.Test\ExcelHelper.Test.csproj", "{F45E0718-53A6-4303-A6DB-61D088A45CBC}"
EndProject
Global
	GlobalSection(SolutionConfigurationPlatforms) = preSolution
		Debug|Any CPU = Debug|Any CPU
		Release|Any CPU = Release|Any CPU
	EndGlobalSection
	GlobalSection(ProjectConfigurationPlatforms) = postSolution
		{BB1D8AB8-BCE6-4948-B995-1025E1FCC5D0}.Debug|Any CPU.ActiveCfg = Debug|Any CPU
		{BB1D8AB8-BCE6-4948-B995-1025E1FCC5D0}.Debug|Any CPU.Build.0 = Debug|Any CPU
		{BB1D8AB8-BCE6-4948-B995-1025E1FCC5D0}.Release|Any CPU.ActiveCfg = Release|Any CPU
		{BB1D8AB8-BCE6-4948-B995-1025E1FCC5D0}.Release|Any CPU.Build.0 = Release|Any CPU
		{F45E0718-53A6-4303-A6DB-61D088A45CBC}.Debug|Any CPU.ActiveCfg = Debug|Any CPU
		{F45E0718-53A6-4303-A6DB-61D088A45CBC}.Debug|Any CPU.Build.0 = Debug|Any CPU
		{F45E0718-53A6-4303-A6DB-61D088A45CBC}.Release|Any CPU.ActiveCfg = Release|Any CPU
		{F45E0718-53A6-4303-A6DB-61D088A45CBC}.Release|Any CPU.Build.0 = Release|Any CPU
	EndGlobalSection
	GlobalSection(SolutionProperties) = preSolution
		HideSolutionNode = FALSE
	EndGlobalSection
	GlobalSection(ExtensibilityGlobals) = postSolution
		SolutionGuid = {FC5C9749-F456-4EEF-BCCE-4175A38E3198}
	EndGlobalSection
EndGlobal
